
Microsoft Visual Studio Solution File, Format Version 12.00
# Visual Studio Version 16
VisualStudioVersion = 16.0.32106.194
MinimumVisualStudioVersion = 10.0.40219.1
Project("{FAE04EC0-301F-11D3-BF4B-00C04F79EFBC}") = "HomeWork2", "HomeWork2\HomeWork2.csproj", "{DE1C6E74-B610-4436-B235-E70A4DFAE80F}"
EndProject
Global
	GlobalSection(SolutionConfigurationPlatforms) = preSolution
		Debug|Any CPU = Debug|Any CPU
		Release|Any CPU = Release|Any CPU
	EndGlobalSection
	GlobalSection(ProjectConfigurationPlatforms) = postSolution
		{DE1C6E74-B610-4436-B235-E70A4DFAE80F}.Debug|Any CPU.ActiveCfg = Debug|Any CPU
		{DE1C6E74-B610-4436-B235-E70A4DFAE80F}.Debug|Any CPU.Build.0 = Debug|Any CPU
		{DE1C6E74-B610-4436-B235-E70A4DFAE80F}.Release|Any CPU.ActiveCfg = Release|Any CPU
		{DE1C6E74-B610-4436-B235-E70A4DFAE80F}.Release|Any CPU.Build.0 = Release|Any CPU
	EndGlobalSection
	GlobalSection(SolutionProperties) = preSolution
		HideSolutionNode = FALSE
	EndGlobalSection
	GlobalSection(ExtensibilityGlobals) = postSolution
		SolutionGuid = {DA8F6F55-E082-465D-BBFD-065125D195EB}
	EndGlobalSection
EndGlobal
